// !$*UTF8*$!
{
	archiveVersion = 1;
	classes = {
	};
	objectVersion = 56;
	objects = {

/* Begin PBXBuildFile section */
		86A3BE902B60032B007EEA83 /* AppDelegate.swift in Sources */ = {isa = PBXBuildFile; fileRef = 86A3BE8F2B60032B007EEA83 /* AppDelegate.swift */; };
		86A3BE922B60032B007EEA83 /* SceneDelegate.swift in Sources */ = {isa = PBXBuildFile; fileRef = 86A3BE912B60032B007EEA83 /* SceneDelegate.swift */; };
		86A3BE992B60032C007EEA83 /* Assets.xcassets in Resources */ = {isa = PBXBuildFile; fileRef = 86A3BE982B60032C007EEA83 /* Assets.xcassets */; };
		86A3BE9C2B60032C007EEA83 /* LaunchScreen.storyboard in Resources */ = {isa = PBXBuildFile; fileRef = 86A3BE9A2B60032C007EEA83 /* LaunchScreen.storyboard */; };
		86A3BEAD2B60078C007EEA83 /* SFPro-Regular.otf in Resources */ = {isa = PBXBuildFile; fileRef = 86A3BEAB2B60078C007EEA83 /* SFPro-Regular.otf */; };
		86A3BEAE2B60078C007EEA83 /* SFPro-Semibold.otf in Resources */ = {isa = PBXBuildFile; fileRef = 86A3BEAC2B60078C007EEA83 /* SFPro-Semibold.otf */; };
		86A3BEB02B6007D9007EEA83 /* UIFont+Extensions.swift in Sources */ = {isa = PBXBuildFile; fileRef = 86A3BEAF2B6007D9007EEA83 /* UIFont+Extensions.swift */; };
		86A3BEB32B6008C2007EEA83 /* UILabel+Extension.swift in Sources */ = {isa = PBXBuildFile; fileRef = 86A3BEB22B6008C2007EEA83 /* UILabel+Extension.swift */; };
/* End PBXBuildFile section */

/* Begin PBXFileReference section */
		86A3BE8C2B60032B007EEA83 /* TrendingCoinsApp.app */ = {isa = PBXFileReference; explicitFileType = wrapper.application; includeInIndex = 0; path = TrendingCoinsApp.app; sourceTree = BUILT_PRODUCTS_DIR; };
		86A3BE8F2B60032B007EEA83 /* AppDelegate.swift */ = {isa = PBXFileReference; lastKnownFileType = sourcecode.swift; path = AppDelegate.swift; sourceTree = "<group>"; };
		86A3BE912B60032B007EEA83 /* SceneDelegate.swift */ = {isa = PBXFileReference; lastKnownFileType = sourcecode.swift; path = SceneDelegate.swift; sourceTree = "<group>"; };
		86A3BE982B60032C007EEA83 /* Assets.xcassets */ = {isa = PBXFileReference; lastKnownFileType = folder.assetcatalog; path = Assets.xcassets; sourceTree = "<group>"; };
		86A3BE9B2B60032C007EEA83 /* Base */ = {isa = PBXFileReference; lastKnownFileType = file.storyboard; name = Base; path = Base.lproj/LaunchScreen.storyboard; sourceTree = "<group>"; };
		86A3BE9D2B60032C007EEA83 /* Info.plist */ = {isa = PBXFileReference; lastKnownFileType = text.plist.xml; path = Info.plist; sourceTree = "<group>"; };
		86A3BEAB2B60078C007EEA83 /* SFPro-Regular.otf */ = {isa = PBXFileReference; lastKnownFileType = file; name = "SFPro-Regular.otf"; path = "../../../../../San Francisco Pro Display/SFPro-Regular.otf"; sourceTree = "<group>"; };
		86A3BEAC2B60078C007EEA83 /* SFPro-Semibold.otf */ = {isa = PBXFileReference; lastKnownFileType = file; name = "SFPro-Semibold.otf"; path = "../../../../../San Francisco Pro Display/SFPro-Semibold.otf"; sourceTree = "<group>"; };
		86A3BEAF2B6007D9007EEA83 /* UIFont+Extensions.swift */ = {isa = PBXFileReference; lastKnownFileType = sourcecode.swift; path = "UIFont+Extensions.swift"; sourceTree = "<group>"; };
		86A3BEB22B6008C2007EEA83 /* UILabel+Extension.swift */ = {isa = PBXFileReference; lastKnownFileType = sourcecode.swift; path = "UILabel+Extension.swift"; sourceTree = "<group>"; };
/* End PBXFileReference section */

/* Begin PBXFrameworksBuildPhase section */
		86A3BE892B60032B007EEA83 /* Frameworks */ = {
			isa = PBXFrameworksBuildPhase;
			buildActionMask = 2147483647;
			files = (
			);
			runOnlyForDeploymentPostprocessing = 0;
		};
/* End PBXFrameworksBuildPhase section */

/* Begin PBXGroup section */
		86A3BE832B60032B007EEA83 = {
			isa = PBXGroup;
			children = (
				86A3BE8E2B60032B007EEA83 /* TrendingCoinsApp */,
				86A3BE8D2B60032B007EEA83 /* Products */,
			);
			sourceTree = "<group>";
		};
		86A3BE8D2B60032B007EEA83 /* Products */ = {
			isa = PBXGroup;
			children = (
				86A3BE8C2B60032B007EEA83 /* TrendingCoinsApp.app */,
			);
			name = Products;
			sourceTree = "<group>";
		};
		86A3BE8E2B60032B007EEA83 /* TrendingCoinsApp */ = {
			isa = PBXGroup;
			children = (
				86A3BEA72B600557007EEA83 /* Application */,
				86A3BEA62B60054C007EEA83 /* Netwroks */,
				86A3BEA32B600518007EEA83 /* Scenes */,
				86A3BEA52B60052D007EEA83 /* SceneFactory */,
				86A3BEA92B600571007EEA83 /* NavigationModule */,
				86A3BEA82B600565007EEA83 /* UIConstants */,
				86A3BEA42B600523007EEA83 /* SupportingFiles */,
			);
			path = TrendingCoinsApp;
			sourceTree = "<group>";
		};
		86A3BEA32B600518007EEA83 /* Scenes */ = {
			isa = PBXGroup;
			children = (
			);
			path = Scenes;
			sourceTree = "<group>";
		};
		86A3BEA42B600523007EEA83 /* SupportingFiles */ = {
			isa = PBXGroup;
			children = (
				86A3BEAA2B600780007EEA83 /* Fonts */,
				86A3BE982B60032C007EEA83 /* Assets.xcassets */,
				86A3BE9A2B60032C007EEA83 /* LaunchScreen.storyboard */,
				86A3BE9D2B60032C007EEA83 /* Info.plist */,
			);
			path = SupportingFiles;
			sourceTree = "<group>";
		};
		86A3BEA52B60052D007EEA83 /* SceneFactory */ = {
			isa = PBXGroup;
			children = (
			);
			path = SceneFactory;
			sourceTree = "<group>";
		};
		86A3BEA62B60054C007EEA83 /* Netwroks */ = {
			isa = PBXGroup;
			children = (
			);
			path = Netwroks;
			sourceTree = "<group>";
		};
		86A3BEA72B600557007EEA83 /* Application */ = {
			isa = PBXGroup;
			children = (
				86A3BE8F2B60032B007EEA83 /* AppDelegate.swift */,
				86A3BE912B60032B007EEA83 /* SceneDelegate.swift */,
			);
			path = Application;
			sourceTree = "<group>";
		};
		86A3BEA82B600565007EEA83 /* UIConstants */ = {
			isa = PBXGroup;
			children = (
				86A3BEB12B6008B1007EEA83 /* UIKit */,
				86A3BEAF2B6007D9007EEA83 /* UIFont+Extensions.swift */,
			);
			path = UIConstants;
			sourceTree = "<group>";
		};
		86A3BEA92B600571007EEA83 /* NavigationModule */ = {
			isa = PBXGroup;
			children = (
			);
			path = NavigationModule;
			sourceTree = "<group>";
		};
		86A3BEAA2B600780007EEA83 /* Fonts */ = {
			isa = PBXGroup;
			children = (
				86A3BEAB2B60078C007EEA83 /* SFPro-Regular.otf */,
				86A3BEAC2B60078C007EEA83 /* SFPro-Semibold.otf */,
			);
			path = Fonts;
			sourceTree = "<group>";
		};
		86A3BEB12B6008B1007EEA83 /* UIKit */ = {
			isa = PBXGroup;
			children = (
				86A3BEB22B6008C2007EEA83 /* UILabel+Extension.swift */,
			);
			path = UIKit;
			sourceTree = "<group>";
		};
/* End PBXGroup section */

/* Begin PBXNativeTarget section */
		86A3BE8B2B60032B007EEA83 /* TrendingCoinsApp */ = {
			isa = PBXNativeTarget;
			buildConfigurationList = 86A3BEA02B60032C007EEA83 /* Build configuration list for PBXNativeTarget "TrendingCoinsApp" */;
			buildPhases = (
				86A3BE882B60032B007EEA83 /* Sources */,
				86A3BE892B60032B007EEA83 /* Frameworks */,
				86A3BE8A2B60032B007EEA83 /* Resources */,
			);
			buildRules = (
			);
			dependencies = (
			);
			name = TrendingCoinsApp;
			productName = TrendingCoinsApp;
			productReference = 86A3BE8C2B60032B007EEA83 /* TrendingCoinsApp.app */;
			productType = "com.apple.product-type.application";
		};
/* End PBXNativeTarget section */

/* Begin PBXProject section */
		86A3BE842B60032B007EEA83 /* Project object */ = {
			isa = PBXProject;
			attributes = {
				BuildIndependentTargetsInParallel = 1;
				LastSwiftUpdateCheck = 1430;
				LastUpgradeCheck = 1430;
				TargetAttributes = {
					86A3BE8B2B60032B007EEA83 = {
						CreatedOnToolsVersion = 14.3.1;
					};
				};
			};
			buildConfigurationList = 86A3BE872B60032B007EEA83 /* Build configuration list for PBXProject "TrendingCoinsApp" */;
			compatibilityVersion = "Xcode 14.0";
			developmentRegion = en;
			hasScannedForEncodings = 0;
			knownRegions = (
				en,
				Base,
			);
			mainGroup = 86A3BE832B60032B007EEA83;
			productRefGroup = 86A3BE8D2B60032B007EEA83 /* Products */;
			projectDirPath = "";
			projectRoot = "";
			targets = (
				86A3BE8B2B60032B007EEA83 /* TrendingCoinsApp */,
			);
		};
/* End PBXProject section */

/* Begin PBXResourcesBuildPhase section */
		86A3BE8A2B60032B007EEA83 /* Resources */ = {
			isa = PBXResourcesBuildPhase;
			buildActionMask = 2147483647;
			files = (
				86A3BE9C2B60032C007EEA83 /* LaunchScreen.storyboard in Resources */,
				86A3BEAD2B60078C007EEA83 /* SFPro-Regular.otf in Resources */,
				86A3BE992B60032C007EEA83 /* Assets.xcassets in Resources */,
				86A3BEAE2B60078C007EEA83 /* SFPro-Semibold.otf in Resources */,
			);
			runOnlyForDeploymentPostprocessing = 0;
		};
/* End PBXResourcesBuildPhase section */

/* Begin PBXSourcesBuildPhase section */
		86A3BE882B60032B007EEA83 /* Sources */ = {
			isa = PBXSourcesBuildPhase;
			buildActionMask = 2147483647;
			files = (
				86A3BEB32B6008C2007EEA83 /* UILabel+Extension.swift in Sources */,
				86A3BE902B60032B007EEA83 /* AppDelegate.swift in Sources */,
				86A3BEB02B6007D9007EEA83 /* UIFont+Extensions.swift in Sources */,
				86A3BE922B60032B007EEA83 /* SceneDelegate.swift in Sources */,
			);
			runOnlyForDeploymentPostprocessing = 0;
		};
/* End PBXSourcesBuildPhase section */

/* Begin PBXVariantGroup section */
		86A3BE9A2B60032C007EEA83 /* LaunchScreen.storyboard */ = {
			isa = PBXVariantGroup;
			children = (
				86A3BE9B2B60032C007EEA83 /* Base */,
			);
			name = LaunchScreen.storyboard;
			sourceTree = "<group>";
		};
/* End PBXVariantGroup section */

/* Begin XCBuildConfiguration section */
		86A3BE9E2B60032C007EEA83 /* Debug */ = {
			isa = XCBuildConfiguration;
			buildSettings = {
				ALWAYS_SEARCH_USER_PATHS = NO;
				CLANG_ANALYZER_NONNULL = YES;
				CLANG_ANALYZER_NUMBER_OBJECT_CONVERSION = YES_AGGRESSIVE;
				CLANG_CXX_LANGUAGE_STANDARD = "gnu++20";
				CLANG_ENABLE_MODULES = YES;
				CLANG_ENABLE_OBJC_ARC = YES;
				CLANG_ENABLE_OBJC_WEAK = YES;
				CLANG_WARN_BLOCK_CAPTURE_AUTORELEASING = YES;
				CLANG_WARN_BOOL_CONVERSION = YES;
				CLANG_WARN_COMMA = YES;
				CLANG_WARN_CONSTANT_CONVERSION = YES;
				CLANG_WARN_DEPRECATED_OBJC_IMPLEMENTATIONS = YES;
				CLANG_WARN_DIRECT_OBJC_ISA_USAGE = YES_ERROR;
				CLANG_WARN_DOCUMENTATION_COMMENTS = YES;
				CLANG_WARN_EMPTY_BODY = YES;
				CLANG_WARN_ENUM_CONVERSION = YES;
				CLANG_WARN_INFINITE_RECURSION = YES;
				CLANG_WARN_INT_CONVERSION = YES;
				CLANG_WARN_NON_LITERAL_NULL_CONVERSION = YES;
				CLANG_WARN_OBJC_IMPLICIT_RETAIN_SELF = YES;
				CLANG_WARN_OBJC_LITERAL_CONVERSION = YES;
				CLANG_WARN_OBJC_ROOT_CLASS = YES_ERROR;
				CLANG_WARN_QUOTED_INCLUDE_IN_FRAMEWORK_HEADER = YES;
				CLANG_WARN_RANGE_LOOP_ANALYSIS = YES;
				CLANG_WARN_STRICT_PROTOTYPES = YES;
				CLANG_WARN_SUSPICIOUS_MOVE = YES;
				CLANG_WARN_UNGUARDED_AVAILABILITY = YES_AGGRESSIVE;
				CLANG_WARN_UNREACHABLE_CODE = YES;
				CLANG_WARN__DUPLICATE_METHOD_MATCH = YES;
				COPY_PHASE_STRIP = NO;
				DEBUG_INFORMATION_FORMAT = dwarf;
				ENABLE_STRICT_OBJC_MSGSEND = YES;
				ENABLE_TESTABILITY = YES;
				GCC_C_LANGUAGE_STANDARD = gnu11;
				GCC_DYNAMIC_NO_PIC = NO;
				GCC_NO_COMMON_BLOCKS = YES;
				GCC_OPTIMIZATION_LEVEL = 0;
				GCC_PREPROCESSOR_DEFINITIONS = (
					"DEBUG=1",
					"$(inherited)",
				);
				GCC_WARN_64_TO_32_BIT_CONVERSION = YES;
				GCC_WARN_ABOUT_RETURN_TYPE = YES_ERROR;
				GCC_WARN_UNDECLARED_SELECTOR = YES;
				GCC_WARN_UNINITIALIZED_AUTOS = YES_AGGRESSIVE;
				GCC_WARN_UNUSED_FUNCTION = YES;
				GCC_WARN_UNUSED_VARIABLE = YES;
				IPHONEOS_DEPLOYMENT_TARGET = 16.4;
				MTL_ENABLE_DEBUG_INFO = INCLUDE_SOURCE;
				MTL_FAST_MATH = YES;
				ONLY_ACTIVE_ARCH = YES;
				SDKROOT = iphoneos;
				SWIFT_ACTIVE_COMPILATION_CONDITIONS = DEBUG;
				SWIFT_OPTIMIZATION_LEVEL = "-Onone";
			};
			name = Debug;
		};
		86A3BE9F2B60032C007EEA83 /* Release */ = {
			isa = XCBuildConfiguration;
			buildSettings = {
				ALWAYS_SEARCH_USER_PATHS = NO;
				CLANG_ANALYZER_NONNULL = YES;
				CLANG_ANALYZER_NUMBER_OBJECT_CONVERSION = YES_AGGRESSIVE;
				CLANG_CXX_LANGUAGE_STANDARD = "gnu++20";
				CLANG_ENABLE_MODULES = YES;
				CLANG_ENABLE_OBJC_ARC = YES;
				CLANG_ENABLE_OBJC_WEAK = YES;
				CLANG_WARN_BLOCK_CAPTURE_AUTORELEASING = YES;
				CLANG_WARN_BOOL_CONVERSION = YES;
				CLANG_WARN_COMMA = YES;
				CLANG_WARN_CONSTANT_CONVERSION = YES;
				CLANG_WARN_DEPRECATED_OBJC_IMPLEMENTATIONS = YES;
				CLANG_WARN_DIRECT_OBJC_ISA_USAGE = YES_ERROR;
				CLANG_WARN_DOCUMENTATION_COMMENTS = YES;
				CLANG_WARN_EMPTY_BODY = YES;
				CLANG_WARN_ENUM_CONVERSION = YES;
				CLANG_WARN_INFINITE_RECURSION = YES;
				CLANG_WARN_INT_CONVERSION = YES;
				CLANG_WARN_NON_LITERAL_NULL_CONVERSION = YES;
				CLANG_WARN_OBJC_IMPLICIT_RETAIN_SELF = YES;
				CLANG_WARN_OBJC_LITERAL_CONVERSION = YES;
				CLANG_WARN_OBJC_ROOT_CLASS = YES_ERROR;
				CLANG_WARN_QUOTED_INCLUDE_IN_FRAMEWORK_HEADER = YES;
				CLANG_WARN_RANGE_LOOP_ANALYSIS = YES;
				CLANG_WARN_STRICT_PROTOTYPES = YES;
				CLANG_WARN_SUSPICIOUS_MOVE = YES;
				CLANG_WARN_UNGUARDED_AVAILABILITY = YES_AGGRESSIVE;
				CLANG_WARN_UNREACHABLE_CODE = YES;
				CLANG_WARN__DUPLICATE_METHOD_MATCH = YES;
				COPY_PHASE_STRIP = NO;
				DEBUG_INFORMATION_FORMAT = "dwarf-with-dsym";
				ENABLE_NS_ASSERTIONS = NO;
				ENABLE_STRICT_OBJC_MSGSEND = YES;
				GCC_C_LANGUAGE_STANDARD = gnu11;
				GCC_NO_COMMON_BLOCKS = YES;
				GCC_WARN_64_TO_32_BIT_CONVERSION = YES;
				GCC_WARN_ABOUT_RETURN_TYPE = YES_ERROR;
				GCC_WARN_UNDECLARED_SELECTOR = YES;
				GCC_WARN_UNINITIALIZED_AUTOS = YES_AGGRESSIVE;
				GCC_WARN_UNUSED_FUNCTION = YES;
				GCC_WARN_UNUSED_VARIABLE = YES;
				IPHONEOS_DEPLOYMENT_TARGET = 16.4;
				MTL_ENABLE_DEBUG_INFO = NO;
				MTL_FAST_MATH = YES;
				SDKROOT = iphoneos;
				SWIFT_COMPILATION_MODE = wholemodule;
				SWIFT_OPTIMIZATION_LEVEL = "-O";
				VALIDATE_PRODUCT = YES;
			};
			name = Release;
		};
		86A3BEA12B60032C007EEA83 /* Debug */ = {
			isa = XCBuildConfiguration;
			buildSettings = {
				ASSETCATALOG_COMPILER_APPICON_NAME = AppIcon;
				ASSETCATALOG_COMPILER_GLOBAL_ACCENT_COLOR_NAME = AccentColor;
				CODE_SIGN_STYLE = Automatic;
				CURRENT_PROJECT_VERSION = 1;
				DEVELOPMENT_TEAM = 5MT2PBNQ85;
				GENERATE_INFOPLIST_FILE = YES;
				INFOPLIST_FILE = TrendingCoinsApp/Info.plist;
				INFOPLIST_KEY_UIApplicationSupportsIndirectInputEvents = YES;
				INFOPLIST_KEY_UILaunchStoryboardName = LaunchScreen;
				INFOPLIST_KEY_UISupportedInterfaceOrientations_iPad = "UIInterfaceOrientationPortrait UIInterfaceOrientationPortraitUpsideDown UIInterfaceOrientationLandscapeLeft UIInterfaceOrientationLandscapeRight";
				INFOPLIST_KEY_UISupportedInterfaceOrientations_iPhone = "UIInterfaceOrientationPortrait UIInterfaceOrientationLandscapeLeft UIInterfaceOrientationLandscapeRight";
				IPHONEOS_DEPLOYMENT_TARGET = 13.0;
				LD_RUNPATH_SEARCH_PATHS = (
					"$(inherited)",
					"@executable_path/Frameworks",
				);
				MARKETING_VERSION = 1.0;
				PRODUCT_BUNDLE_IDENTIFIER = com.zcredi.TrendingCoinsApp;
				PRODUCT_NAME = "$(TARGET_NAME)";
				SUPPORTED_PLATFORMS = "iphoneos iphonesimulator";
				SUPPORTS_MACCATALYST = NO;
				SUPPORTS_MAC_DESIGNED_FOR_IPHONE_IPAD = NO;
				SWIFT_EMIT_LOC_STRINGS = YES;
				SWIFT_VERSION = 5.0;
				TARGETED_DEVICE_FAMILY = 1;
			};
			name = Debug;
		};
		86A3BEA22B60032C007EEA83 /* Release */ = {
			isa = XCBuildConfiguration;
			buildSettings = {
				ASSETCATALOG_COMPILER_APPICON_NAME = AppIcon;
				ASSETCATALOG_COMPILER_GLOBAL_ACCENT_COLOR_NAME = AccentColor;
				CODE_SIGN_STYLE = Automatic;
				CURRENT_PROJECT_VERSION = 1;
				DEVELOPMENT_TEAM = 5MT2PBNQ85;
				GENERATE_INFOPLIST_FILE = YES;
				INFOPLIST_FILE = TrendingCoinsApp/Info.plist;
				INFOPLIST_KEY_UIApplicationSupportsIndirectInputEvents = YES;
				INFOPLIST_KEY_UILaunchStoryboardName = LaunchScreen;
				INFOPLIST_KEY_UISupportedInterfaceOrientations_iPad = "UIInterfaceOrientationPortrait UIInterfaceOrientationPortraitUpsideDown UIInterfaceOrientationLandscapeLeft UIInterfaceOrientationLandscapeRight";
				INFOPLIST_KEY_UISupportedInterfaceOrientations_iPhone = "UIInterfaceOrientationPortrait UIInterfaceOrientationLandscapeLeft UIInterfaceOrientationLandscapeRight";
				IPHONEOS_DEPLOYMENT_TARGET = 13.0;
				LD_RUNPATH_SEARCH_PATHS = (
					"$(inherited)",
					"@executable_path/Frameworks",
				);
				MARKETING_VERSION = 1.0;
				PRODUCT_BUNDLE_IDENTIFIER = com.zcredi.TrendingCoinsApp;
				PRODUCT_NAME = "$(TARGET_NAME)";
				SUPPORTED_PLATFORMS = "iphoneos iphonesimulator";
				SUPPORTS_MACCATALYST = NO;
				SUPPORTS_MAC_DESIGNED_FOR_IPHONE_IPAD = NO;
				SWIFT_EMIT_LOC_STRINGS = YES;
				SWIFT_VERSION = 5.0;
				TARGETED_DEVICE_FAMILY = 1;
			};
			name = Release;
		};
/* End XCBuildConfiguration section */

/* Begin XCConfigurationList section */
		86A3BE872B60032B007EEA83 /* Build configuration list for PBXProject "TrendingCoinsApp" */ = {
			isa = XCConfigurationList;
			buildConfigurations = (
				86A3BE9E2B60032C007EEA83 /* Debug */,
				86A3BE9F2B60032C007EEA83 /* Release */,
			);
			defaultConfigurationIsVisible = 0;
			defaultConfigurationName = Release;
		};
		86A3BEA02B60032C007EEA83 /* Build configuration list for PBXNativeTarget "TrendingCoinsApp" */ = {
			isa = XCConfigurationList;
			buildConfigurations = (
				86A3BEA12B60032C007EEA83 /* Debug */,
				86A3BEA22B60032C007EEA83 /* Release */,
			);
			defaultConfigurationIsVisible = 0;
			defaultConfigurationName = Release;
		};
/* End XCConfigurationList section */
	};
	rootObject = 86A3BE842B60032B007EEA83 /* Project object */;
}
